// !$*UTF8*$!
{
	archiveVersion = 1;
	classes = {
	};
	objectVersion = 56;
	objects = {

/* Begin PBXBuildFile section */
		4613D9DA2DB5153C00A06272 /* landmarkData.json in Resources */ = {isa = PBXBuildFile; fileRef = 4613D9D92DB5153C00A06272 /* landmarkData.json */; };
		4613D9DF2DB515BD00A06272 /* Landmark.swift in Sources */ = {isa = PBXBuildFile; fileRef = 4613D9DE2DB515BD00A06272 /* Landmark.swift */; };
		4613D9E12DB515EF00A06272 /* ModelData.swift in Sources */ = {isa = PBXBuildFile; fileRef = 4613D9E02DB515EF00A06272 /* ModelData.swift */; };
		4613D9E32DB5169B00A06272 /* LandmarkRow.swift in Sources */ = {isa = PBXBuildFile; fileRef = 4613D9E22DB5169B00A06272 /* LandmarkRow.swift */; };
		4613D9E52DB51CD100A06272 /* LandmarkList.swift in Sources */ = {isa = PBXBuildFile; fileRef = 4613D9E42DB51CD100A06272 /* LandmarkList.swift */; };
		4613D9E72DB523D900A06272 /* LandmarkDetails.swift in Sources */ = {isa = PBXBuildFile; fileRef = 4613D9E62DB523D900A06272 /* LandmarkDetails.swift */; };
		4650A61F2DB3A7630063B7CE /* FirstSwiftUIApp.swift in Sources */ = {isa = PBXBuildFile; fileRef = 4650A61E2DB3A7630063B7CE /* FirstSwiftUIApp.swift */; };
		4650A6212DB3A7630063B7CE /* ContentView.swift in Sources */ = {isa = PBXBuildFile; fileRef = 4650A6202DB3A7630063B7CE /* ContentView.swift */; };
		4650A6232DB3A7650063B7CE /* Assets.xcassets in Resources */ = {isa = PBXBuildFile; fileRef = 4650A6222DB3A7650063B7CE /* Assets.xcassets */; };
		4650A6262DB3A7650063B7CE /* Preview Assets.xcassets in Resources */ = {isa = PBXBuildFile; fileRef = 4650A6252DB3A7650063B7CE /* Preview Assets.xcassets */; };
		4650A62D2DB3AA8F0063B7CE /* CircleImage.swift in Sources */ = {isa = PBXBuildFile; fileRef = 4650A62C2DB3AA8F0063B7CE /* CircleImage.swift */; };
		4650A62F2DB3AE5C0063B7CE /* MapView.swift in Sources */ = {isa = PBXBuildFile; fileRef = 4650A62E2DB3AE5C0063B7CE /* MapView.swift */; };
/* End PBXBuildFile section */

/* Begin PBXFileReference section */
		4613D9D92DB5153C00A06272 /* landmarkData.json */ = {isa = PBXFileReference; fileEncoding = 4; lastKnownFileType = text.json; path = landmarkData.json; sourceTree = "<group>"; };
		4613D9DE2DB515BD00A06272 /* Landmark.swift */ = {isa = PBXFileReference; lastKnownFileType = sourcecode.swift; path = Landmark.swift; sourceTree = "<group>"; };
		4613D9E02DB515EF00A06272 /* ModelData.swift */ = {isa = PBXFileReference; lastKnownFileType = sourcecode.swift; path = ModelData.swift; sourceTree = "<group>"; };
		4613D9E22DB5169B00A06272 /* LandmarkRow.swift */ = {isa = PBXFileReference; lastKnownFileType = sourcecode.swift; path = LandmarkRow.swift; sourceTree = "<group>"; };
		4613D9E42DB51CD100A06272 /* LandmarkList.swift */ = {isa = PBXFileReference; lastKnownFileType = sourcecode.swift; path = LandmarkList.swift; sourceTree = "<group>"; };
		4613D9E62DB523D900A06272 /* LandmarkDetails.swift */ = {isa = PBXFileReference; lastKnownFileType = sourcecode.swift; path = LandmarkDetails.swift; sourceTree = "<group>"; };
		4650A61B2DB3A7630063B7CE /* FirstSwiftUI.app */ = {isa = PBXFileReference; explicitFileType = wrapper.application; includeInIndex = 0; path = FirstSwiftUI.app; sourceTree = BUILT_PRODUCTS_DIR; };
		4650A61E2DB3A7630063B7CE /* FirstSwiftUIApp.swift */ = {isa = PBXFileReference; lastKnownFileType = sourcecode.swift; path = FirstSwiftUIApp.swift; sourceTree = "<group>"; };
		4650A6202DB3A7630063B7CE /* ContentView.swift */ = {isa = PBXFileReference; lastKnownFileType = sourcecode.swift; path = ContentView.swift; sourceTree = "<group>"; };
		4650A6222DB3A7650063B7CE /* Assets.xcassets */ = {isa = PBXFileReference; lastKnownFileType = folder.assetcatalog; path = Assets.xcassets; sourceTree = "<group>"; };
		4650A6252DB3A7650063B7CE /* Preview Assets.xcassets */ = {isa = PBXFileReference; lastKnownFileType = folder.assetcatalog; path = "Preview Assets.xcassets"; sourceTree = "<group>"; };
		4650A62C2DB3AA8F0063B7CE /* CircleImage.swift */ = {isa = PBXFileReference; lastKnownFileType = sourcecode.swift; path = CircleImage.swift; sourceTree = "<group>"; };
		4650A62E2DB3AE5C0063B7CE /* MapView.swift */ = {isa = PBXFileReference; lastKnownFileType = sourcecode.swift; path = MapView.swift; sourceTree = "<group>"; };
/* End PBXFileReference section */

/* Begin PBXFrameworksBuildPhase section */
		4650A6182DB3A7630063B7CE /* Frameworks */ = {
			isa = PBXFrameworksBuildPhase;
			buildActionMask = 2147483647;
			files = (
			);
			runOnlyForDeploymentPostprocessing = 0;
		};
/* End PBXFrameworksBuildPhase section */

/* Begin PBXGroup section */
		4613D9DB2DB5154400A06272 /* Resource */ = {
			isa = PBXGroup;
			children = (
				4613D9D92DB5153C00A06272 /* landmarkData.json */,
			);
			path = Resource;
			sourceTree = "<group>";
		};
		4613D9DC2DB5157A00A06272 /* Views */ = {
			isa = PBXGroup;
			children = (
				4650A61E2DB3A7630063B7CE /* FirstSwiftUIApp.swift */,
				4650A6202DB3A7630063B7CE /* ContentView.swift */,
				4650A62C2DB3AA8F0063B7CE /* CircleImage.swift */,
				4650A62E2DB3AE5C0063B7CE /* MapView.swift */,
				4613D9E22DB5169B00A06272 /* LandmarkRow.swift */,
				4613D9E42DB51CD100A06272 /* LandmarkList.swift */,
				4613D9E62DB523D900A06272 /* LandmarkDetails.swift */,
			);
			path = Views;
			sourceTree = "<group>";
		};
		4613D9DD2DB5158F00A06272 /* Model */ = {
			isa = PBXGroup;
			children = (
				4613D9DE2DB515BD00A06272 /* Landmark.swift */,
				4613D9E02DB515EF00A06272 /* ModelData.swift */,
			);
			path = Model;
			sourceTree = "<group>";
		};
		4650A6122DB3A7630063B7CE = {
			isa = PBXGroup;
			children = (
				4650A61D2DB3A7630063B7CE /* FirstSwiftUI */,
				4650A61C2DB3A7630063B7CE /* Products */,
			);
			sourceTree = "<group>";
		};
		4650A61C2DB3A7630063B7CE /* Products */ = {
			isa = PBXGroup;
			children = (
				4650A61B2DB3A7630063B7CE /* FirstSwiftUI.app */,
			);
			name = Products;
			sourceTree = "<group>";
		};
		4650A61D2DB3A7630063B7CE /* FirstSwiftUI */ = {
			isa = PBXGroup;
			children = (
				4613D9DD2DB5158F00A06272 /* Model */,
				4613D9DC2DB5157A00A06272 /* Views */,
				4613D9DB2DB5154400A06272 /* Resource */,
				4650A6222DB3A7650063B7CE /* Assets.xcassets */,
				4650A6242DB3A7650063B7CE /* Preview Content */,
			);
			path = FirstSwiftUI;
			sourceTree = "<group>";
		};
		4650A6242DB3A7650063B7CE /* Preview Content */ = {
			isa = PBXGroup;
			children = (
				4650A6252DB3A7650063B7CE /* Preview Assets.xcassets */,
			);
			path = "Preview Content";
			sourceTree = "<group>";
		};
/* End PBXGroup section */

/* Begin PBXNativeTarget section */
		4650A61A2DB3A7630063B7CE /* FirstSwiftUI */ = {
			isa = PBXNativeTarget;
			buildConfigurationList = 4650A6292DB3A7650063B7CE /* Build configuration list for PBXNativeTarget "FirstSwiftUI" */;
			buildPhases = (
				4650A6172DB3A7630063B7CE /* Sources */,
				4650A6182DB3A7630063B7CE /* Frameworks */,
				4650A6192DB3A7630063B7CE /* Resources */,
			);
			buildRules = (
			);
			dependencies = (
			);
			name = FirstSwiftUI;
			productName = FirstSwiftUI;
			productReference = 4650A61B2DB3A7630063B7CE /* FirstSwiftUI.app */;
			productType = "com.apple.product-type.application";
		};
/* End PBXNativeTarget section */

/* Begin PBXProject section */
		4650A6132DB3A7630063B7CE /* Project object */ = {
			isa = PBXProject;
			attributes = {
				BuildIndependentTargetsInParallel = 1;
				LastSwiftUpdateCheck = 1540;
				LastUpgradeCheck = 1540;
				TargetAttributes = {
					4650A61A2DB3A7630063B7CE = {
						CreatedOnToolsVersion = 15.4;
					};
				};
			};
			buildConfigurationList = 4650A6162DB3A7630063B7CE /* Build configuration list for PBXProject "FirstSwiftUI" */;
			compatibilityVersion = "Xcode 14.0";
			developmentRegion = en;
			hasScannedForEncodings = 0;
			knownRegions = (
				en,
				Base,
			);
			mainGroup = 4650A6122DB3A7630063B7CE;
			productRefGroup = 4650A61C2DB3A7630063B7CE /* Products */;
			projectDirPath = "";
			projectRoot = "";
			targets = (
				4650A61A2DB3A7630063B7CE /* FirstSwiftUI */,
			);
		};
/* End PBXProject section */

/* Begin PBXResourcesBuildPhase section */
		4650A6192DB3A7630063B7CE /* Resources */ = {
			isa = PBXResourcesBuildPhase;
			buildActionMask = 2147483647;
			files = (
				4650A6262DB3A7650063B7CE /* Preview Assets.xcassets in Resources */,
				4650A6232DB3A7650063B7CE /* Assets.xcassets in Resources */,
				4613D9DA2DB5153C00A06272 /* landmarkData.json in Resources */,
			);
			runOnlyForDeploymentPostprocessing = 0;
		};
/* End PBXResourcesBuildPhase section */

/* Begin PBXSourcesBuildPhase section */
		4650A6172DB3A7630063B7CE /* Sources */ = {
			isa = PBXSourcesBuildPhase;
			buildActionMask = 2147483647;
			files = (
				4650A6212DB3A7630063B7CE /* ContentView.swift in Sources */,
				4650A62F2DB3AE5C0063B7CE /* MapView.swift in Sources */,
				4650A61F2DB3A7630063B7CE /* FirstSwiftUIApp.swift in Sources */,
				4613D9E52DB51CD100A06272 /* LandmarkList.swift in Sources */,
				4650A62D2DB3AA8F0063B7CE /* CircleImage.swift in Sources */,
				4613D9DF2DB515BD00A06272 /* Landmark.swift in Sources */,
				4613D9E32DB5169B00A06272 /* LandmarkRow.swift in Sources */,
				4613D9E12DB515EF00A06272 /* ModelData.swift in Sources */,
				4613D9E72DB523D900A06272 /* LandmarkDetails.swift in Sources */,
			);
			runOnlyForDeploymentPostprocessing = 0;
		};
/* End PBXSourcesBuildPhase section */

/* Begin XCBuildConfiguration section */
		4650A6272DB3A7650063B7CE /* Debug */ = {
			isa = XCBuildConfiguration;
			buildSettings = {
				ALWAYS_SEARCH_USER_PATHS = NO;
				ASSETCATALOG_COMPILER_GENERATE_SWIFT_ASSET_SYMBOL_EXTENSIONS = YES;
				CLANG_ANALYZER_NONNULL = YES;
				CLANG_ANALYZER_NUMBER_OBJECT_CONVERSION = YES_AGGRESSIVE;
				CLANG_CXX_LANGUAGE_STANDARD = "gnu++20";
				CLANG_ENABLE_MODULES = YES;
				CLANG_ENABLE_OBJC_ARC = YES;
				CLANG_ENABLE_OBJC_WEAK = YES;
				CLANG_WARN_BLOCK_CAPTURE_AUTORELEASING = YES;
				CLANG_WARN_BOOL_CONVERSION = YES;
				CLANG_WARN_COMMA = YES;
				CLANG_WARN_CONSTANT_CONVERSION = YES;
				CLANG_WARN_DEPRECATED_OBJC_IMPLEMENTATIONS = YES;
				CLANG_WARN_DIRECT_OBJC_ISA_USAGE = YES_ERROR;
				CLANG_WARN_DOCUMENTATION_COMMENTS = YES;
				CLANG_WARN_EMPTY_BODY = YES;
				CLANG_WARN_ENUM_CONVERSION = YES;
				CLANG_WARN_INFINITE_RECURSION = YES;
				CLANG_WARN_INT_CONVERSION = YES;
				CLANG_WARN_NON_LITERAL_NULL_CONVERSION = YES;
				CLANG_WARN_OBJC_IMPLICIT_RETAIN_SELF = YES;
				CLANG_WARN_OBJC_LITERAL_CONVERSION = YES;
				CLANG_WARN_OBJC_ROOT_CLASS = YES_ERROR;
				CLANG_WARN_QUOTED_INCLUDE_IN_FRAMEWORK_HEADER = YES;
				CLANG_WARN_RANGE_LOOP_ANALYSIS = YES;
				CLANG_WARN_STRICT_PROTOTYPES = YES;
				CLANG_WARN_SUSPICIOUS_MOVE = YES;
				CLANG_WARN_UNGUARDED_AVAILABILITY = YES_AGGRESSIVE;
				CLANG_WARN_UNREACHABLE_CODE = YES;
				CLANG_WARN__DUPLICATE_METHOD_MATCH = YES;
				COPY_PHASE_STRIP = NO;
				DEBUG_INFORMATION_FORMAT = dwarf;
				ENABLE_STRICT_OBJC_MSGSEND = YES;
				ENABLE_TESTABILITY = YES;
				ENABLE_USER_SCRIPT_SANDBOXING = YES;
				GCC_C_LANGUAGE_STANDARD = gnu17;
				GCC_DYNAMIC_NO_PIC = NO;
				GCC_NO_COMMON_BLOCKS = YES;
				GCC_OPTIMIZATION_LEVEL = 0;
				GCC_PREPROCESSOR_DEFINITIONS = (
					"DEBUG=1",
					"$(inherited)",
				);
				GCC_WARN_64_TO_32_BIT_CONVERSION = YES;
				GCC_WARN_ABOUT_RETURN_TYPE = YES_ERROR;
				GCC_WARN_UNDECLARED_SELECTOR = YES;
				GCC_WARN_UNINITIALIZED_AUTOS = YES_AGGRESSIVE;
				GCC_WARN_UNUSED_FUNCTION = YES;
				GCC_WARN_UNUSED_VARIABLE = YES;
				IPHONEOS_DEPLOYMENT_TARGET = 17.5;
				LOCALIZATION_PREFERS_STRING_CATALOGS = YES;
				MTL_ENABLE_DEBUG_INFO = INCLUDE_SOURCE;
				MTL_FAST_MATH = YES;
				ONLY_ACTIVE_ARCH = YES;
				SDKROOT = iphoneos;
				SWIFT_ACTIVE_COMPILATION_CONDITIONS = "DEBUG $(inherited)";
				SWIFT_OPTIMIZATION_LEVEL = "-Onone";
			};
			name = Debug;
		};
		4650A6282DB3A7650063B7CE /* Release */ = {
			isa = XCBuildConfiguration;
			buildSettings = {
				ALWAYS_SEARCH_USER_PATHS = NO;
				ASSETCATALOG_COMPILER_GENERATE_SWIFT_ASSET_SYMBOL_EXTENSIONS = YES;
				CLANG_ANALYZER_NONNULL = YES;
				CLANG_ANALYZER_NUMBER_OBJECT_CONVERSION = YES_AGGRESSIVE;
				CLANG_CXX_LANGUAGE_STANDARD = "gnu++20";
				CLANG_ENABLE_MODULES = YES;
				CLANG_ENABLE_OBJC_ARC = YES;
				CLANG_ENABLE_OBJC_WEAK = YES;
				CLANG_WARN_BLOCK_CAPTURE_AUTORELEASING = YES;
				CLANG_WARN_BOOL_CONVERSION = YES;
				CLANG_WARN_COMMA = YES;
				CLANG_WARN_CONSTANT_CONVERSION = YES;
				CLANG_WARN_DEPRECATED_OBJC_IMPLEMENTATIONS = YES;
				CLANG_WARN_DIRECT_OBJC_ISA_USAGE = YES_ERROR;
				CLANG_WARN_DOCUMENTATION_COMMENTS = YES;
				CLANG_WARN_EMPTY_BODY = YES;
				CLANG_WARN_ENUM_CONVERSION = YES;
				CLANG_WARN_INFINITE_RECURSION = YES;
				CLANG_WARN_INT_CONVERSION = YES;
				CLANG_WARN_NON_LITERAL_NULL_CONVERSION = YES;
				CLANG_WARN_OBJC_IMPLICIT_RETAIN_SELF = YES;
				CLANG_WARN_OBJC_LITERAL_CONVERSION = YES;
				CLANG_WARN_OBJC_ROOT_CLASS = YES_ERROR;
				CLANG_WARN_QUOTED_INCLUDE_IN_FRAMEWORK_HEADER = YES;
				CLANG_WARN_RANGE_LOOP_ANALYSIS = YES;
				CLANG_WARN_STRICT_PROTOTYPES = YES;
				CLANG_WARN_SUSPICIOUS_MOVE = YES;
				CLANG_WARN_UNGUARDED_AVAILABILITY = YES_AGGRESSIVE;
				CLANG_WARN_UNREACHABLE_CODE = YES;
				CLANG_WARN__DUPLICATE_METHOD_MATCH = YES;
				COPY_PHASE_STRIP = NO;
				DEBUG_INFORMATION_FORMAT = "dwarf-with-dsym";
				ENABLE_NS_ASSERTIONS = NO;
				ENABLE_STRICT_OBJC_MSGSEND = YES;
				ENABLE_USER_SCRIPT_SANDBOXING = YES;
				GCC_C_LANGUAGE_STANDARD = gnu17;
				GCC_NO_COMMON_BLOCKS = YES;
				GCC_WARN_64_TO_32_BIT_CONVERSION = YES;
				GCC_WARN_ABOUT_RETURN_TYPE = YES_ERROR;
				GCC_WARN_UNDECLARED_SELECTOR = YES;
				GCC_WARN_UNINITIALIZED_AUTOS = YES_AGGRESSIVE;
				GCC_WARN_UNUSED_FUNCTION = YES;
				GCC_WARN_UNUSED_VARIABLE = YES;
				IPHONEOS_DEPLOYMENT_TARGET = 17.5;
				LOCALIZATION_PREFERS_STRING_CATALOGS = YES;
				MTL_ENABLE_DEBUG_INFO = NO;
				MTL_FAST_MATH = YES;
				SDKROOT = iphoneos;
				SWIFT_COMPILATION_MODE = wholemodule;
				VALIDATE_PRODUCT = YES;
			};
			name = Release;
		};
		4650A62A2DB3A7650063B7CE /* Debug */ = {
			isa = XCBuildConfiguration;
			buildSettings = {
				ASSETCATALOG_COMPILER_APPICON_NAME = AppIcon;
				ASSETCATALOG_COMPILER_GLOBAL_ACCENT_COLOR_NAME = AccentColor;
				CODE_SIGN_STYLE = Automatic;
				CURRENT_PROJECT_VERSION = 1;
				DEVELOPMENT_ASSET_PATHS = "\"FirstSwiftUI/Preview Content\"";
				ENABLE_PREVIEWS = YES;
				GENERATE_INFOPLIST_FILE = YES;
				INFOPLIST_KEY_UIApplicationSceneManifest_Generation = YES;
				INFOPLIST_KEY_UIApplicationSupportsIndirectInputEvents = YES;
				INFOPLIST_KEY_UILaunchScreen_Generation = YES;
				INFOPLIST_KEY_UISupportedInterfaceOrientations_iPad = "UIInterfaceOrientationPortrait UIInterfaceOrientationPortraitUpsideDown UIInterfaceOrientationLandscapeLeft UIInterfaceOrientationLandscapeRight";
				INFOPLIST_KEY_UISupportedInterfaceOrientations_iPhone = "UIInterfaceOrientationPortrait UIInterfaceOrientationLandscapeLeft UIInterfaceOrientationLandscapeRight";
				LD_RUNPATH_SEARCH_PATHS = (
					"$(inherited)",
					"@executable_path/Frameworks",
				);
				MARKETING_VERSION = 1.0;
				PRODUCT_BUNDLE_IDENTIFIER = kapil.FirstSwiftUI;
				PRODUCT_NAME = "$(TARGET_NAME)";
				SWIFT_EMIT_LOC_STRINGS = YES;
				SWIFT_VERSION = 5.0;
				TARGETED_DEVICE_FAMILY = "1,2";
			};
			name = Debug;
		};
		4650A62B2DB3A7650063B7CE /* Release */ = {
			isa = XCBuildConfiguration;
			buildSettings = {
				ASSETCATALOG_COMPILER_APPICON_NAME = AppIcon;
				ASSETCATALOG_COMPILER_GLOBAL_ACCENT_COLOR_NAME = AccentColor;
				CODE_SIGN_STYLE = Automatic;
				CURRENT_PROJECT_VERSION = 1;
				DEVELOPMENT_ASSET_PATHS = "\"FirstSwiftUI/Preview Content\"";
				ENABLE_PREVIEWS = YES;
				GENERATE_INFOPLIST_FILE = YES;
				INFOPLIST_KEY_UIApplicationSceneManifest_Generation = YES;
				INFOPLIST_KEY_UIApplicationSupportsIndirectInputEvents = YES;
				INFOPLIST_KEY_UILaunchScreen_Generation = YES;
				INFOPLIST_KEY_UISupportedInterfaceOrientations_iPad = "UIInterfaceOrientationPortrait UIInterfaceOrientationPortraitUpsideDown UIInterfaceOrientationLandscapeLeft UIInterfaceOrientationLandscapeRight";
				INFOPLIST_KEY_UISupportedInterfaceOrientations_iPhone = "UIInterfaceOrientationPortrait UIInterfaceOrientationLandscapeLeft UIInterfaceOrientationLandscapeRight";
				LD_RUNPATH_SEARCH_PATHS = (
					"$(inherited)",
					"@executable_path/Frameworks",
				);
				MARKETING_VERSION = 1.0;
				PRODUCT_BUNDLE_IDENTIFIER = kapil.FirstSwiftUI;
				PRODUCT_NAME = "$(TARGET_NAME)";
				SWIFT_EMIT_LOC_STRINGS = YES;
				SWIFT_VERSION = 5.0;
				TARGETED_DEVICE_FAMILY = "1,2";
			};
			name = Release;
		};
/* End XCBuildConfiguration section */

/* Begin XCConfigurationList section */
		4650A6162DB3A7630063B7CE /* Build configuration list for PBXProject "FirstSwiftUI" */ = {
			isa = XCConfigurationList;
			buildConfigurations = (
				4650A6272DB3A7650063B7CE /* Debug */,
				4650A6282DB3A7650063B7CE /* Release */,
			);
			defaultConfigurationIsVisible = 0;
			defaultConfigurationName = Release;
		};
		4650A6292DB3A7650063B7CE /* Build configuration list for PBXNativeTarget "FirstSwiftUI" */ = {
			isa = XCConfigurationList;
			buildConfigurations = (
				4650A62A2DB3A7650063B7CE /* Debug */,
				4650A62B2DB3A7650063B7CE /* Release */,
			);
			defaultConfigurationIsVisible = 0;
			defaultConfigurationName = Release;
		};
/* End XCConfigurationList section */
	};
	rootObject = 4650A6132DB3A7630063B7CE /* Project object */;
}
